PODS:
  - APParallaxHeader (0.1.6)
  - SWTableViewCell (0.3.7)

DEPENDENCIES:
  - APParallaxHeader
  - SWTableViewCell (~> 0.3.7)

SPEC CHECKSUMS:
  APParallaxHeader: 854bc48a2487ca12c702f8a236fec0d89cdac5c3
  SWTableViewCell: 2a94aadc9d47b2b611fa064566bf57948b95b579

PODFILE CHECKSUM: 91a63daebe7a2849a6f55d3d8bf3abfdf3a5a7f3

COCOAPODS: 1.0.1
